# This file is automatically @generated by Cargo.
# It is not intended for manual editing.
[[package]]
name = "apmpkg_test_zone"
version = "0.1.0"
dependencies = [
 "infer",
]

[[package]]
name = "infer"
version = "0.3.7"
source = "registry+https://github.com/rust-lang/crates.io-index"
checksum = "865e8a58ae8e24d2c4412c31344afa1d302a3740ad67528c10f50d6876cdcf55"
